
Microsoft Visual Studio Solution File, Format Version 12.00
# Visual Studio 15
VisualStudioVersion = 15.0.26124.0
MinimumVisualStudioVersion = 15.0.26124.0
Project("{FAE04EC0-301F-11D3-BF4B-00C04F79EFBC}") = "Iril", "Iril\Iril.csproj", "{E49CB7F6-5F5B-4CD7-B4C3-00A61F1A7942}"
EndProject
Project("{FAE04EC0-301F-11D3-BF4B-00C04F79EFBC}") = "Cli", "Cli\Cli.csproj", "{2BA8C6AF-9684-405F-B557-F3408D8D2FF3}"
EndProject
Project("{FAE04EC0-301F-11D3-BF4B-00C04F79EFBC}") = "Tests", "Tests\Tests.csproj", "{264BAACC-64AF-41C3-9362-817018C00F53}"
EndProject
Project("{FAE04EC0-301F-11D3-BF4B-00C04F79EFBC}") = "Keygen", "Keygen\Keygen.csproj", "{A6FA3807-21C9-4D2F-ACBB-E77287493A00}"
EndProject
Global
	GlobalSection(SolutionConfigurationPlatforms) = preSolution
		Debug|Any CPU = Debug|Any CPU
		Debug|x64 = Debug|x64
		Debug|x86 = Debug|x86
		Release|Any CPU = Release|Any CPU
		Release|x64 = Release|x64
		Release|x86 = Release|x86
	EndGlobalSection
	GlobalSection(SolutionProperties) = preSolution
		HideSolutionNode = FALSE
	EndGlobalSection
	GlobalSection(ProjectConfigurationPlatforms) = postSolution
		{E49CB7F6-5F5B-4CD7-B4C3-00A61F1A7942}.Debug|Any CPU.ActiveCfg = Debug|Any CPU
		{E49CB7F6-5F5B-4CD7-B4C3-00A61F1A7942}.Debug|Any CPU.Build.0 = Debug|Any CPU
		{E49CB7F6-5F5B-4CD7-B4C3-00A61F1A7942}.Debug|x64.ActiveCfg = Debug|Any CPU
		{E49CB7F6-5F5B-4CD7-B4C3-00A61F1A7942}.Debug|x64.Build.0 = Debug|Any CPU
		{E49CB7F6-5F5B-4CD7-B4C3-00A61F1A7942}.Debug|x86.ActiveCfg = Debug|Any CPU
		{E49CB7F6-5F5B-4CD7-B4C3-00A61F1A7942}.Debug|x86.Build.0 = Debug|Any CPU
		{E49CB7F6-5F5B-4CD7-B4C3-00A61F1A7942}.Release|Any CPU.ActiveCfg = Release|Any CPU
		{E49CB7F6-5F5B-4CD7-B4C3-00A61F1A7942}.Release|Any CPU.Build.0 = Release|Any CPU
		{E49CB7F6-5F5B-4CD7-B4C3-00A61F1A7942}.Release|x64.ActiveCfg = Release|Any CPU
		{E49CB7F6-5F5B-4CD7-B4C3-00A61F1A7942}.Release|x64.Build.0 = Release|Any CPU
		{E49CB7F6-5F5B-4CD7-B4C3-00A61F1A7942}.Release|x86.ActiveCfg = Release|Any CPU
		{E49CB7F6-5F5B-4CD7-B4C3-00A61F1A7942}.Release|x86.Build.0 = Release|Any CPU
		{2BA8C6AF-9684-405F-B557-F3408D8D2FF3}.Debug|Any CPU.ActiveCfg = Debug|Any CPU
		{2BA8C6AF-9684-405F-B557-F3408D8D2FF3}.Debug|Any CPU.Build.0 = Debug|Any CPU
		{2BA8C6AF-9684-405F-B557-F3408D8D2FF3}.Debug|x64.ActiveCfg = Debug|Any CPU
		{2BA8C6AF-9684-405F-B557-F3408D8D2FF3}.Debug|x64.Build.0 = Debug|Any CPU
		{2BA8C6AF-9684-405F-B557-F3408D8D2FF3}.Debug|x86.ActiveCfg = Debug|Any CPU
		{2BA8C6AF-9684-405F-B557-F3408D8D2FF3}.Debug|x86.Build.0 = Debug|Any CPU
		{2BA8C6AF-9684-405F-B557-F3408D8D2FF3}.Release|Any CPU.ActiveCfg = Release|Any CPU
		{2BA8C6AF-9684-405F-B557-F3408D8D2FF3}.Release|Any CPU.Build.0 = Release|Any CPU
		{2BA8C6AF-9684-405F-B557-F3408D8D2FF3}.Release|x64.ActiveCfg = Release|Any CPU
		{2BA8C6AF-9684-405F-B557-F3408D8D2FF3}.Release|x64.Build.0 = Release|Any CPU
		{2BA8C6AF-9684-405F-B557-F3408D8D2FF3}.Release|x86.ActiveCfg = Release|Any CPU
		{2BA8C6AF-9684-405F-B557-F3408D8D2FF3}.Release|x86.Build.0 = Release|Any CPU
		{264BAACC-64AF-41C3-9362-817018C00F53}.Debug|Any CPU.ActiveCfg = Debug|Any CPU
		{264BAACC-64AF-41C3-9362-817018C00F53}.Debug|Any CPU.Build.0 = Debug|Any CPU
		{264BAACC-64AF-41C3-9362-817018C00F53}.Debug|x64.ActiveCfg = Debug|Any CPU
		{264BAACC-64AF-41C3-9362-817018C00F53}.Debug|x64.Build.0 = Debug|Any CPU
		{264BAACC-64AF-41C3-9362-817018C00F53}.Debug|x86.ActiveCfg = Debug|Any CPU
		{264BAACC-64AF-41C3-9362-817018C00F53}.Debug|x86.Build.0 = Debug|Any CPU
		{264BAACC-64AF-41C3-9362-817018C00F53}.Release|Any CPU.ActiveCfg = Release|Any CPU
		{264BAACC-64AF-41C3-9362-817018C00F53}.Release|Any CPU.Build.0 = Release|Any CPU
		{264BAACC-64AF-41C3-9362-817018C00F53}.Release|x64.ActiveCfg = Release|Any CPU
		{264BAACC-64AF-41C3-9362-817018C00F53}.Release|x64.Build.0 = Release|Any CPU
		{264BAACC-64AF-41C3-9362-817018C00F53}.Release|x86.ActiveCfg = Release|Any CPU
		{264BAACC-64AF-41C3-9362-817018C00F53}.Release|x86.Build.0 = Release|Any CPU
		{A6FA3807-21C9-4D2F-ACBB-E77287493A00}.Debug|Any CPU.ActiveCfg = Debug|Any CPU
		{A6FA3807-21C9-4D2F-ACBB-E77287493A00}.Debug|Any CPU.Build.0 = Debug|Any CPU
		{A6FA3807-21C9-4D2F-ACBB-E77287493A00}.Debug|x64.ActiveCfg = Debug|Any CPU
		{A6FA3807-21C9-4D2F-ACBB-E77287493A00}.Debug|x64.Build.0 = Debug|Any CPU
		{A6FA3807-21C9-4D2F-ACBB-E77287493A00}.Debug|x86.ActiveCfg = Debug|Any CPU
		{A6FA3807-21C9-4D2F-ACBB-E77287493A00}.Debug|x86.Build.0 = Debug|Any CPU
		{A6FA3807-21C9-4D2F-ACBB-E77287493A00}.Release|Any CPU.ActiveCfg = Release|Any CPU
		{A6FA3807-21C9-4D2F-ACBB-E77287493A00}.Release|Any CPU.Build.0 = Release|Any CPU
		{A6FA3807-21C9-4D2F-ACBB-E77287493A00}.Release|x64.ActiveCfg = Release|Any CPU
		{A6FA3807-21C9-4D2F-ACBB-E77287493A00}.Release|x64.Build.0 = Release|Any CPU
		{A6FA3807-21C9-4D2F-ACBB-E77287493A00}.Release|x86.ActiveCfg = Release|Any CPU
		{A6FA3807-21C9-4D2F-ACBB-E77287493A00}.Release|x86.Build.0 = Release|Any CPU
	EndGlobalSection
EndGlobal
